{
  "name": "mastodon-api-test",
  "version": "1.0.0",
  "lockfileVersion": 1,
  "requires": true,
  "dependencies": {
    "dev-kit": {
      "version": "git+https://github.com/kat-atat/dev-kit.git#8469d2b97b7ce1c99b17116d2c04cab73fd4c282",
      "from": "git+https://github.com/kat-atat/dev-kit.git"
    },
    "hyperapp": {
      "version": "1.2.9",
      "resolved": "https://registry.npmjs.org/hyperapp/-/hyperapp-1.2.9.tgz",
      "integrity": "sha512-bIzi12am7pyQ5nc2qnQpN6GWonjdJp+AghY7j9H9L0vccM1OQ3Cqn13cZlmS9KYm91Nf9fwF4KjvbQekFBxHVw=="
    }
  }
}
